{
    "name": "assets",
    "lockfileVersion": 2,
    "requires": true,
    "packages": {
        "": {
            "license": "MIT",
            "dependencies": {
                "alpinejs": "^3.2.4",
                "chartist": "^0.11.4",
                "chartist-plugin-pointlabels": "0.0.6",
                "phoenix": "file:../deps/phoenix",
                "phoenix_html": "file:../deps/phoenix_html",
                "phoenix_live_view": "file:../deps/phoenix_live_view",
                "serialize-javascript": ">=3.1.0",
                "topbar": "^1.0.1"
            },
            "devDependencies": {
                "esbuild": "^0.12.24"
            }
        },
        "../deps/phoenix": {
            "version": "1.6.6",
            "license": "MIT"
        },
        "../deps/phoenix_html": {
            "version": "3.2.0"
        },
        "../deps/phoenix_live_view": {
            "version": "0.17.6",
            "license": "MIT"
        },
        "node_modules/@vue/reactivity": {
            "version": "3.1.5",
            "resolved": "https://registry.npmjs.org/@vue/reactivity/-/reactivity-3.1.5.tgz",
            "integrity": "sha512-1tdfLmNjWG6t/CsPldh+foumYFo3cpyCHgBYQ34ylaMsJ+SNHQ1kApMIa8jN+i593zQuaw3AdWH0nJTARzCFhg==",
            "dependencies": {
                "@vue/shared": "3.1.5"
            }
        },
        "node_modules/@vue/shared": {
            "version": "3.1.5",
            "resolved": "https://registry.npmjs.org/@vue/shared/-/shared-3.1.5.tgz",
            "integrity": "sha512-oJ4F3TnvpXaQwZJNF3ZK+kLPHKarDmJjJ6jyzVNDKH9md1dptjC7lWR//jrGuLdek/U6iltWxqAnYOu8gCiOvA=="
        },
        "node_modules/alpinejs": {
            "version": "3.8.1",
            "resolved": "https://registry.npmjs.org/alpinejs/-/alpinejs-3.8.1.tgz",
            "integrity": "sha512-IZ82+7C2PlzfvgvA6yfyiCzEn9CZGWwpBqqiHBTABOXs8WS6f1a30Va7yOemTgSzW6QGT/iEWRXG/XEbat/X7A==",
            "license": "MIT",
            "dependencies": {
                "@vue/reactivity": "~3.1.1"
            }
        },
        "node_modules/chartist": {
            "version": "0.11.4",
            "resolved": "https://registry.npmjs.org/chartist/-/chartist-0.11.4.tgz",
            "integrity": "sha512-H4AimxaUD738/u9Mq8t27J4lh6STsLi4BQHt65nOtpLk3xyrBPaLiLMrHw7/WV9CmsjGA02WihjuL5qpSagLYw==",
            "engines": {
                "node": ">=4.6.0"
            }
        },
        "node_modules/chartist-plugin-pointlabels": {
            "version": "0.0.6",
            "resolved": "https://registry.npmjs.org/chartist-plugin-pointlabels/-/chartist-plugin-pointlabels-0.0.6.tgz",
            "integrity": "sha512-DUemVUBWAN0qAHBUMXKKLrDCsUL1qWWwN+EfxN8gpftgXSheMiYeq83uHoHyp4X+W5Pz/aUWBf3N/HJwj+eRFw==",
            "engines": {
                "node": ">=0.8.0"
            }
        },
        "node_modules/esbuild": {
            "version": "0.12.29",
            "resolved": "https://registry.npmjs.org/esbuild/-/esbuild-0.12.29.tgz",
            "integrity": "sha512-w/XuoBCSwepyiZtIRsKsetiLDUVGPVw1E/R3VTFSecIy8UR7Cq3SOtwKHJMFoVqqVG36aGkzh4e8BvpO1Fdc7g==",
            "dev": true,
            "hasInstallScript": true,
            "bin": {
                "esbuild": "bin/esbuild"
            }
        },
        "node_modules/phoenix": {
            "resolved": "../deps/phoenix",
            "link": true
        },
        "node_modules/phoenix_html": {
            "resolved": "../deps/phoenix_html",
            "link": true
        },
        "node_modules/phoenix_live_view": {
            "resolved": "../deps/phoenix_live_view",
            "link": true
        },
        "node_modules/randombytes": {
            "version": "2.1.0",
            "resolved": "https://registry.npmjs.org/randombytes/-/randombytes-2.1.0.tgz",
            "integrity": "sha512-vYl3iOX+4CKUWuxGi9Ukhie6fsqXqS9FE2Zaic4tNFD2N2QQaXOMFbuKK4QmDHC0JO6B1Zp41J0LpT0oR68amQ==",
            "dependencies": {
                "safe-buffer": "^5.1.0"
            }
        },
        "node_modules/safe-buffer": {
            "version": "5.1.2",
            "resolved": "https://registry.npmjs.org/safe-buffer/-/safe-buffer-5.1.2.tgz",
            "integrity": "sha512-Gd2UZBJDkXlY7GbJxfsE8/nvKkUEU1G38c1siN6QP6a9PT9MmHB8GnpscSmMJSoF8LOIrt8ud/wPtojys4G6+g=="
        },
        "node_modules/serialize-javascript": {
            "version": "3.1.0",
            "resolved": "https://registry.npmjs.org/serialize-javascript/-/serialize-javascript-3.1.0.tgz",
            "integrity": "sha512-JIJT1DGiWmIKhzRsG91aS6Ze4sFUrYbltlkg2onR5OrnNM02Kl/hnY/T4FN2omvyeBbQmMJv+K4cPOpGzOTFBg==",
            "dependencies": {
                "randombytes": "^2.1.0"
            }
        },
        "node_modules/topbar": {
            "version": "1.0.1",
            "resolved": "https://registry.npmjs.org/topbar/-/topbar-1.0.1.tgz",
            "integrity": "sha512-HZqQSMBiG29vcjOrqKCM9iGY/h69G5gQH7ae83ZCPz5uPmbQKwK0sMEqzVDBiu64tWHJ+kk9NApECrF+FAAvRA=="
        }
    },
    "dependencies": {
        "@vue/reactivity": {
            "version": "3.1.5",
            "resolved": "https://registry.npmjs.org/@vue/reactivity/-/reactivity-3.1.5.tgz",
            "integrity": "sha512-1tdfLmNjWG6t/CsPldh+foumYFo3cpyCHgBYQ34ylaMsJ+SNHQ1kApMIa8jN+i593zQuaw3AdWH0nJTARzCFhg==",
            "requires": {
                "@vue/shared": "3.1.5"
            }
        },
        "@vue/shared": {
            "version": "3.1.5",
            "resolved": "https://registry.npmjs.org/@vue/shared/-/shared-3.1.5.tgz",
            "integrity": "sha512-oJ4F3TnvpXaQwZJNF3ZK+kLPHKarDmJjJ6jyzVNDKH9md1dptjC7lWR//jrGuLdek/U6iltWxqAnYOu8gCiOvA=="
        },
        "alpinejs": {
            "version": "3.8.1",
            "resolved": "https://registry.npmjs.org/alpinejs/-/alpinejs-3.8.1.tgz",
            "integrity": "sha512-IZ82+7C2PlzfvgvA6yfyiCzEn9CZGWwpBqqiHBTABOXs8WS6f1a30Va7yOemTgSzW6QGT/iEWRXG/XEbat/X7A==",
            "requires": {
                "@vue/reactivity": "~3.1.1"
            }
        },
        "chartist": {
            "version": "0.11.4",
            "resolved": "https://registry.npmjs.org/chartist/-/chartist-0.11.4.tgz",
            "integrity": "sha512-H4AimxaUD738/u9Mq8t27J4lh6STsLi4BQHt65nOtpLk3xyrBPaLiLMrHw7/WV9CmsjGA02WihjuL5qpSagLYw=="
        },
        "chartist-plugin-pointlabels": {
            "version": "0.0.6",
            "resolved": "https://registry.npmjs.org/chartist-plugin-pointlabels/-/chartist-plugin-pointlabels-0.0.6.tgz",
            "integrity": "sha512-DUemVUBWAN0qAHBUMXKKLrDCsUL1qWWwN+EfxN8gpftgXSheMiYeq83uHoHyp4X+W5Pz/aUWBf3N/HJwj+eRFw=="
        },
        "esbuild": {
            "version": "0.12.29",
            "resolved": "https://registry.npmjs.org/esbuild/-/esbuild-0.12.29.tgz",
            "integrity": "sha512-w/XuoBCSwepyiZtIRsKsetiLDUVGPVw1E/R3VTFSecIy8UR7Cq3SOtwKHJMFoVqqVG36aGkzh4e8BvpO1Fdc7g==",
            "dev": true
        },
        "phoenix": {
            "version": "file:../deps/phoenix"
        },
        "phoenix_html": {
            "version": "file:../deps/phoenix_html"
        },
        "phoenix_live_view": {
            "version": "file:../deps/phoenix_live_view"
        },
        "randombytes": {
            "version": "2.1.0",
            "resolved": "https://registry.npmjs.org/randombytes/-/randombytes-2.1.0.tgz",
            "integrity": "sha512-vYl3iOX+4CKUWuxGi9Ukhie6fsqXqS9FE2Zaic4tNFD2N2QQaXOMFbuKK4QmDHC0JO6B1Zp41J0LpT0oR68amQ==",
            "requires": {
                "safe-buffer": "^5.1.0"
            }
        },
        "safe-buffer": {
            "version": "5.1.2",
            "resolved": "https://registry.npmjs.org/safe-buffer/-/safe-buffer-5.1.2.tgz",
            "integrity": "sha512-Gd2UZBJDkXlY7GbJxfsE8/nvKkUEU1G38c1siN6QP6a9PT9MmHB8GnpscSmMJSoF8LOIrt8ud/wPtojys4G6+g=="
        },
        "serialize-javascript": {
            "version": "3.1.0",
            "resolved": "https://registry.npmjs.org/serialize-javascript/-/serialize-javascript-3.1.0.tgz",
            "integrity": "sha512-JIJT1DGiWmIKhzRsG91aS6Ze4sFUrYbltlkg2onR5OrnNM02Kl/hnY/T4FN2omvyeBbQmMJv+K4cPOpGzOTFBg==",
            "requires": {
                "randombytes": "^2.1.0"
            }
        },
        "topbar": {
            "version": "1.0.1",
            "resolved": "https://registry.npmjs.org/topbar/-/topbar-1.0.1.tgz",
            "integrity": "sha512-HZqQSMBiG29vcjOrqKCM9iGY/h69G5gQH7ae83ZCPz5uPmbQKwK0sMEqzVDBiu64tWHJ+kk9NApECrF+FAAvRA=="
        }
    }
}
